
Microsoft Visual Studio Solution File, Format Version 12.00
# Visual Studio Version 17
VisualStudioVersion = 17.11.35312.102
MinimumVisualStudioVersion = 10.0.40219.1
Project("{9A19103F-16F7-4668-BE54-9A1E7A4F7556}") = "Grids", "Grids\Grids.csproj", "{50ED1F98-C7DD-476C-B4EF-869116E93F71}"
EndProject
Project("{9A19103F-16F7-4668-BE54-9A1E7A4F7556}") = "EntityComponentSystem", "EntityComponentSystem\EntityComponentSystem.csproj", "{BE78DA6B-54C1-40B1-A5A3-DC20913F0D0B}"
EndProject
Project("{9A19103F-16F7-4668-BE54-9A1E7A4F7556}") = "hex-grid", "hex-grid\hex-grid.csproj", "{F718F697-54D4-451F-8F01-7BEBE01C0A6B}"
EndProject
Global
	GlobalSection(SolutionConfigurationPlatforms) = preSolution
		Debug|Any CPU = Debug|Any CPU
		Release|Any CPU = Release|Any CPU
	EndGlobalSection
	GlobalSection(ProjectConfigurationPlatforms) = postSolution
		{50ED1F98-C7DD-476C-B4EF-869116E93F71}.Debug|Any CPU.ActiveCfg = Debug|Any CPU
		{50ED1F98-C7DD-476C-B4EF-869116E93F71}.Debug|Any CPU.Build.0 = Debug|Any CPU
		{50ED1F98-C7DD-476C-B4EF-869116E93F71}.Release|Any CPU.ActiveCfg = Release|Any CPU
		{50ED1F98-C7DD-476C-B4EF-869116E93F71}.Release|Any CPU.Build.0 = Release|Any CPU
		{BE78DA6B-54C1-40B1-A5A3-DC20913F0D0B}.Debug|Any CPU.ActiveCfg = Debug|Any CPU
		{BE78DA6B-54C1-40B1-A5A3-DC20913F0D0B}.Debug|Any CPU.Build.0 = Debug|Any CPU
		{BE78DA6B-54C1-40B1-A5A3-DC20913F0D0B}.Release|Any CPU.ActiveCfg = Release|Any CPU
		{BE78DA6B-54C1-40B1-A5A3-DC20913F0D0B}.Release|Any CPU.Build.0 = Release|Any CPU
		{F718F697-54D4-451F-8F01-7BEBE01C0A6B}.Debug|Any CPU.ActiveCfg = Debug|Any CPU
		{F718F697-54D4-451F-8F01-7BEBE01C0A6B}.Debug|Any CPU.Build.0 = Debug|Any CPU
		{F718F697-54D4-451F-8F01-7BEBE01C0A6B}.Release|Any CPU.ActiveCfg = Release|Any CPU
		{F718F697-54D4-451F-8F01-7BEBE01C0A6B}.Release|Any CPU.Build.0 = Release|Any CPU
	EndGlobalSection
	GlobalSection(SolutionProperties) = preSolution
		HideSolutionNode = FALSE
	EndGlobalSection
	GlobalSection(ExtensibilityGlobals) = postSolution
		SolutionGuid = {E1FA7092-4A63-43E4-A922-95D6B0F67FC5}
	EndGlobalSection
EndGlobal
